// !$*UTF8*$!
{
	archiveVersion = 1;
	classes = {
	};
	objectVersion = 48;
	objects = {

/* Begin PBXBuildFile section */
		149017CD7104EE356FFD929F /* libPods-SpeedMath.a in Frameworks */ = {isa = PBXBuildFile; fileRef = A96EDFE3611035DB61AC3085 /* libPods-SpeedMath.a */; };
		7662EDD62015DCE60082AA57 /* AppDelegate.m in Sources */ = {isa = PBXBuildFile; fileRef = 7662EDD52015DCE60082AA57 /* AppDelegate.m */; };
		7662EDD92015DCE60082AA57 /* ViewController.m in Sources */ = {isa = PBXBuildFile; fileRef = 7662EDD82015DCE60082AA57 /* ViewController.m */; };
		7662EDDC2015DCE60082AA57 /* Main.storyboard in Resources */ = {isa = PBXBuildFile; fileRef = 7662EDDA2015DCE60082AA57 /* Main.storyboard */; };
		7662EDDE2015DCE60082AA57 /* Assets.xcassets in Resources */ = {isa = PBXBuildFile; fileRef = 7662EDDD2015DCE60082AA57 /* Assets.xcassets */; };
		7662EDE12015DCE60082AA57 /* LaunchScreen.storyboard in Resources */ = {isa = PBXBuildFile; fileRef = 7662EDDF2015DCE60082AA57 /* LaunchScreen.storyboard */; };
		7662EDE42015DCE60082AA57 /* main.m in Sources */ = {isa = PBXBuildFile; fileRef = 7662EDE32015DCE60082AA57 /* main.m */; };
		7662EDEC2015E4490082AA57 /* GameViewController.m in Sources */ = {isa = PBXBuildFile; fileRef = 7662EDEB2015E4490082AA57 /* GameViewController.m */; };
		7662EDEF2015F1310082AA57 /* GridTile.m in Sources */ = {isa = PBXBuildFile; fileRef = 7662EDEE2015F1310082AA57 /* GridTile.m */; };
		7662EDF2201717080082AA57 /* ExpressionParser.c in Sources */ = {isa = PBXBuildFile; fileRef = 7662EDF1201717080082AA57 /* ExpressionParser.c */; };
		76EBA6B1201876A500BD8A5C /* BoardUtils.m in Sources */ = {isa = PBXBuildFile; fileRef = 76EBA6B0201876A500BD8A5C /* BoardUtils.m */; };
/* End PBXBuildFile section */

/* Begin PBXFileReference section */
		50AD10146C644A2537B28DA0 /* Pods-SpeedMath.release.xcconfig */ = {isa = PBXFileReference; includeInIndex = 1; lastKnownFileType = text.xcconfig; name = "Pods-SpeedMath.release.xcconfig"; path = "Pods/Target Support Files/Pods-SpeedMath/Pods-SpeedMath.release.xcconfig"; sourceTree = "<group>"; };
		7662EDD12015DCE60082AA57 /* SpeedMath.app */ = {isa = PBXFileReference; explicitFileType = wrapper.application; includeInIndex = 0; path = SpeedMath.app; sourceTree = BUILT_PRODUCTS_DIR; };
		7662EDD42015DCE60082AA57 /* AppDelegate.h */ = {isa = PBXFileReference; lastKnownFileType = sourcecode.c.h; path = AppDelegate.h; sourceTree = "<group>"; };
		7662EDD52015DCE60082AA57 /* AppDelegate.m */ = {isa = PBXFileReference; lastKnownFileType = sourcecode.c.objc; path = AppDelegate.m; sourceTree = "<group>"; };
		7662EDD72015DCE60082AA57 /* ViewController.h */ = {isa = PBXFileReference; lastKnownFileType = sourcecode.c.h; path = ViewController.h; sourceTree = "<group>"; };
		7662EDD82015DCE60082AA57 /* ViewController.m */ = {isa = PBXFileReference; lastKnownFileType = sourcecode.c.objc; path = ViewController.m; sourceTree = "<group>"; };
		7662EDDB2015DCE60082AA57 /* Base */ = {isa = PBXFileReference; lastKnownFileType = file.storyboard; name = Base; path = Base.lproj/Main.storyboard; sourceTree = "<group>"; };
		7662EDDD2015DCE60082AA57 /* Assets.xcassets */ = {isa = PBXFileReference; lastKnownFileType = folder.assetcatalog; path = Assets.xcassets; sourceTree = "<group>"; };
		7662EDE02015DCE60082AA57 /* Base */ = {isa = PBXFileReference; lastKnownFileType = file.storyboard; name = Base; path = Base.lproj/LaunchScreen.storyboard; sourceTree = "<group>"; };
		7662EDE22015DCE60082AA57 /* Info.plist */ = {isa = PBXFileReference; lastKnownFileType = text.plist.xml; path = Info.plist; sourceTree = "<group>"; };
		7662EDE32015DCE60082AA57 /* main.m */ = {isa = PBXFileReference; lastKnownFileType = sourcecode.c.objc; path = main.m; sourceTree = "<group>"; };
		7662EDEA2015E4490082AA57 /* GameViewController.h */ = {isa = PBXFileReference; lastKnownFileType = sourcecode.c.h; path = GameViewController.h; sourceTree = "<group>"; };
		7662EDEB2015E4490082AA57 /* GameViewController.m */ = {isa = PBXFileReference; lastKnownFileType = sourcecode.c.objc; path = GameViewController.m; sourceTree = "<group>"; };
		7662EDED2015F1310082AA57 /* GridTile.h */ = {isa = PBXFileReference; lastKnownFileType = sourcecode.c.h; path = GridTile.h; sourceTree = "<group>"; };
		7662EDEE2015F1310082AA57 /* GridTile.m */ = {isa = PBXFileReference; lastKnownFileType = sourcecode.c.objc; path = GridTile.m; sourceTree = "<group>"; };
		7662EDF0201717080082AA57 /* ExpressionParser.h */ = {isa = PBXFileReference; fileEncoding = 4; lastKnownFileType = sourcecode.c.h; path = ExpressionParser.h; sourceTree = "<group>"; };
		7662EDF1201717080082AA57 /* ExpressionParser.c */ = {isa = PBXFileReference; fileEncoding = 4; lastKnownFileType = sourcecode.c.c; path = ExpressionParser.c; sourceTree = "<group>"; };
		76EBA6B0201876A500BD8A5C /* BoardUtils.m */ = {isa = PBXFileReference; lastKnownFileType = sourcecode.c.objc; path = BoardUtils.m; sourceTree = "<group>"; };
		76EBA6B22018776400BD8A5C /* BoardUtils.h */ = {isa = PBXFileReference; lastKnownFileType = sourcecode.c.h; path = BoardUtils.h; sourceTree = "<group>"; };
		96DB4BB461B4333C78ACEBB6 /* Pods-SpeedMath.debug.xcconfig */ = {isa = PBXFileReference; includeInIndex = 1; lastKnownFileType = text.xcconfig; name = "Pods-SpeedMath.debug.xcconfig"; path = "Pods/Target Support Files/Pods-SpeedMath/Pods-SpeedMath.debug.xcconfig"; sourceTree = "<group>"; };
		A96EDFE3611035DB61AC3085 /* libPods-SpeedMath.a */ = {isa = PBXFileReference; explicitFileType = archive.ar; includeInIndex = 0; path = "libPods-SpeedMath.a"; sourceTree = BUILT_PRODUCTS_DIR; };
/* End PBXFileReference section */

/* Begin PBXFrameworksBuildPhase section */
		7662EDCE2015DCE60082AA57 /* Frameworks */ = {
			isa = PBXFrameworksBuildPhase;
			buildActionMask = 2147483647;
			files = (
				149017CD7104EE356FFD929F /* libPods-SpeedMath.a in Frameworks */,
			);
			runOnlyForDeploymentPostprocessing = 0;
		};
/* End PBXFrameworksBuildPhase section */

/* Begin PBXGroup section */
		7662EDC82015DCE60082AA57 = {
			isa = PBXGroup;
			children = (
				7662EDD32015DCE60082AA57 /* SpeedMath */,
				7662EDD22015DCE60082AA57 /* Products */,
				AD91F3038113E44512C2D3EF /* Pods */,
				9A18BEE5C812AE9DCDFDACDA /* Frameworks */,
			);
			sourceTree = "<group>";
		};
		7662EDD22015DCE60082AA57 /* Products */ = {
			isa = PBXGroup;
			children = (
				7662EDD12015DCE60082AA57 /* SpeedMath.app */,
			);
			name = Products;
			sourceTree = "<group>";
		};
		7662EDD32015DCE60082AA57 /* SpeedMath */ = {
			isa = PBXGroup;
			children = (
				7662EDD42015DCE60082AA57 /* AppDelegate.h */,
				7662EDD52015DCE60082AA57 /* AppDelegate.m */,
				76EBA6B22018776400BD8A5C /* BoardUtils.h */,
				76EBA6B0201876A500BD8A5C /* BoardUtils.m */,
				7662EDD72015DCE60082AA57 /* ViewController.h */,
				7662EDD82015DCE60082AA57 /* ViewController.m */,
				7662EDDA2015DCE60082AA57 /* Main.storyboard */,
				7662EDED2015F1310082AA57 /* GridTile.h */,
				7662EDEE2015F1310082AA57 /* GridTile.m */,
				7662EDEA2015E4490082AA57 /* GameViewController.h */,
				7662EDEB2015E4490082AA57 /* GameViewController.m */,
				7662EDF1201717080082AA57 /* ExpressionParser.c */,
				7662EDF0201717080082AA57 /* ExpressionParser.h */,
				7662EDDD2015DCE60082AA57 /* Assets.xcassets */,
				7662EDDF2015DCE60082AA57 /* LaunchScreen.storyboard */,
				7662EDE22015DCE60082AA57 /* Info.plist */,
				7662EDE32015DCE60082AA57 /* main.m */,
			);
			path = SpeedMath;
			sourceTree = "<group>";
		};
		9A18BEE5C812AE9DCDFDACDA /* Frameworks */ = {
			isa = PBXGroup;
			children = (
				A96EDFE3611035DB61AC3085 /* libPods-SpeedMath.a */,
			);
			name = Frameworks;
			sourceTree = "<group>";
		};
		AD91F3038113E44512C2D3EF /* Pods */ = {
			isa = PBXGroup;
			children = (
				96DB4BB461B4333C78ACEBB6 /* Pods-SpeedMath.debug.xcconfig */,
				50AD10146C644A2537B28DA0 /* Pods-SpeedMath.release.xcconfig */,
			);
			name = Pods;
			sourceTree = "<group>";
		};
/* End PBXGroup section */

/* Begin PBXNativeTarget section */
		7662EDD02015DCE60082AA57 /* SpeedMath */ = {
			isa = PBXNativeTarget;
			buildConfigurationList = 7662EDE72015DCE60082AA57 /* Build configuration list for PBXNativeTarget "SpeedMath" */;
			buildPhases = (
				6A8F967AC250933AB2D482AA /* [CP] Check Pods Manifest.lock */,
				7662EDCD2015DCE60082AA57 /* Sources */,
				7662EDCE2015DCE60082AA57 /* Frameworks */,
				7662EDCF2015DCE60082AA57 /* Resources */,
				94CBBE31DA7F7BB64F534D70 /* [CP] Embed Pods Frameworks */,
				DDD9B39307F45452418DA075 /* [CP] Copy Pods Resources */,
			);
			buildRules = (
			);
			dependencies = (
			);
			name = SpeedMath;
			productName = SpeedMath;
			productReference = 7662EDD12015DCE60082AA57 /* SpeedMath.app */;
			productType = "com.apple.product-type.application";
		};
/* End PBXNativeTarget section */

/* Begin PBXProject section */
		7662EDC92015DCE60082AA57 /* Project object */ = {
			isa = PBXProject;
			attributes = {
				LastUpgradeCheck = 0920;
				ORGANIZATIONNAME = wupeng;
				TargetAttributes = {
					7662EDD02015DCE60082AA57 = {
						CreatedOnToolsVersion = 9.2;
						ProvisioningStyle = Automatic;
					};
				};
			};
			buildConfigurationList = 7662EDCC2015DCE60082AA57 /* Build configuration list for PBXProject "SpeedMath" */;
			compatibilityVersion = "Xcode 8.0";
			developmentRegion = en;
			hasScannedForEncodings = 0;
			knownRegions = (
				en,
				Base,
			);
			mainGroup = 7662EDC82015DCE60082AA57;
			productRefGroup = 7662EDD22015DCE60082AA57 /* Products */;
			projectDirPath = "";
			projectRoot = "";
			targets = (
				7662EDD02015DCE60082AA57 /* SpeedMath */,
			);
		};
/* End PBXProject section */

/* Begin PBXResourcesBuildPhase section */
		7662EDCF2015DCE60082AA57 /* Resources */ = {
			isa = PBXResourcesBuildPhase;
			buildActionMask = 2147483647;
			files = (
				7662EDE12015DCE60082AA57 /* LaunchScreen.storyboard in Resources */,
				7662EDDE2015DCE60082AA57 /* Assets.xcassets in Resources */,
				7662EDDC2015DCE60082AA57 /* Main.storyboard in Resources */,
			);
			runOnlyForDeploymentPostprocessing = 0;
		};
/* End PBXResourcesBuildPhase section */

/* Begin PBXShellScriptBuildPhase section */
		6A8F967AC250933AB2D482AA /* [CP] Check Pods Manifest.lock */ = {
			isa = PBXShellScriptBuildPhase;
			buildActionMask = 2147483647;
			files = (
			);
			inputPaths = (
				"${PODS_PODFILE_DIR_PATH}/Podfile.lock",
				"${PODS_ROOT}/Manifest.lock",
			);
			name = "[CP] Check Pods Manifest.lock";
			outputPaths = (
				"$(DERIVED_FILE_DIR)/Pods-SpeedMath-checkManifestLockResult.txt",
			);
			runOnlyForDeploymentPostprocessing = 0;
			shellPath = /bin/sh;
			shellScript = "diff \"${PODS_PODFILE_DIR_PATH}/Podfile.lock\" \"${PODS_ROOT}/Manifest.lock\" > /dev/null\nif [ $? != 0 ] ; then\n    # print error to STDERR\n    echo \"error: The sandbox is not in sync with the Podfile.lock. Run 'pod install' or update your CocoaPods installation.\" >&2\n    exit 1\nfi\n# This output is used by Xcode 'outputs' to avoid re-running this script phase.\necho \"SUCCESS\" > \"${SCRIPT_OUTPUT_FILE_0}\"\n";
			showEnvVarsInLog = 0;
		};
		94CBBE31DA7F7BB64F534D70 /* [CP] Embed Pods Frameworks */ = {
			isa = PBXShellScriptBuildPhase;
			buildActionMask = 2147483647;
			files = (
			);
			inputPaths = (
			);
			name = "[CP] Embed Pods Frameworks";
			outputPaths = (
			);
			runOnlyForDeploymentPostprocessing = 0;
			shellPath = /bin/sh;
			shellScript = "\"${SRCROOT}/Pods/Target Support Files/Pods-SpeedMath/Pods-SpeedMath-frameworks.sh\"\n";
			showEnvVarsInLog = 0;
		};
		DDD9B39307F45452418DA075 /* [CP] Copy Pods Resources */ = {
			isa = PBXShellScriptBuildPhase;
			buildActionMask = 2147483647;
			files = (
			);
			inputPaths = (
			);
			name = "[CP] Copy Pods Resources";
			outputPaths = (
			);
			runOnlyForDeploymentPostprocessing = 0;
			shellPath = /bin/sh;
			shellScript = "\"${SRCROOT}/Pods/Target Support Files/Pods-SpeedMath/Pods-SpeedMath-resources.sh\"\n";
			showEnvVarsInLog = 0;
		};
/* End PBXShellScriptBuildPhase section */

/* Begin PBXSourcesBuildPhase section */
		7662EDCD2015DCE60082AA57 /* Sources */ = {
			isa = PBXSourcesBuildPhase;
			buildActionMask = 2147483647;
			files = (
				7662EDEC2015E4490082AA57 /* GameViewController.m in Sources */,
				7662EDD92015DCE60082AA57 /* ViewController.m in Sources */,
				7662EDF2201717080082AA57 /* ExpressionParser.c in Sources */,
				7662EDE42015DCE60082AA57 /* main.m in Sources */,
				7662EDEF2015F1310082AA57 /* GridTile.m in Sources */,
				7662EDD62015DCE60082AA57 /* AppDelegate.m in Sources */,
				76EBA6B1201876A500BD8A5C /* BoardUtils.m in Sources */,
			);
			runOnlyForDeploymentPostprocessing = 0;
		};
/* End PBXSourcesBuildPhase section */

/* Begin PBXVariantGroup section */
		7662EDDA2015DCE60082AA57 /* Main.storyboard */ = {
			isa = PBXVariantGroup;
			children = (
				7662EDDB2015DCE60082AA57 /* Base */,
			);
			name = Main.storyboard;
			sourceTree = "<group>";
		};
		7662EDDF2015DCE60082AA57 /* LaunchScreen.storyboard */ = {
			isa = PBXVariantGroup;
			children = (
				7662EDE02015DCE60082AA57 /* Base */,
			);
			name = LaunchScreen.storyboard;
			sourceTree = "<group>";
		};
/* End PBXVariantGroup section */

/* Begin XCBuildConfiguration section */
		7662EDE52015DCE60082AA57 /* Debug */ = {
			isa = XCBuildConfiguration;
			buildSettings = {
				ALWAYS_SEARCH_USER_PATHS = NO;
				CLANG_ANALYZER_NONNULL = YES;
				CLANG_ANALYZER_NUMBER_OBJECT_CONVERSION = YES_AGGRESSIVE;
				CLANG_CXX_LANGUAGE_STANDARD = "gnu++14";
				CLANG_CXX_LIBRARY = "libc++";
				CLANG_ENABLE_MODULES = YES;
				CLANG_ENABLE_OBJC_ARC = YES;
				CLANG_WARN_BLOCK_CAPTURE_AUTORELEASING = YES;
				CLANG_WARN_BOOL_CONVERSION = YES;
				CLANG_WARN_COMMA = YES;
				CLANG_WARN_CONSTANT_CONVERSION = YES;
				CLANG_WARN_DIRECT_OBJC_ISA_USAGE = YES_ERROR;
				CLANG_WARN_DOCUMENTATION_COMMENTS = YES;
				CLANG_WARN_EMPTY_BODY = YES;
				CLANG_WARN_ENUM_CONVERSION = YES;
				CLANG_WARN_INFINITE_RECURSION = YES;
				CLANG_WARN_INT_CONVERSION = YES;
				CLANG_WARN_NON_LITERAL_NULL_CONVERSION = YES;
				CLANG_WARN_OBJC_LITERAL_CONVERSION = YES;
				CLANG_WARN_OBJC_ROOT_CLASS = YES_ERROR;
				CLANG_WARN_RANGE_LOOP_ANALYSIS = YES;
				CLANG_WARN_STRICT_PROTOTYPES = YES;
				CLANG_WARN_SUSPICIOUS_MOVE = YES;
				CLANG_WARN_UNGUARDED_AVAILABILITY = YES_AGGRESSIVE;
				CLANG_WARN_UNREACHABLE_CODE = YES;
				CLANG_WARN__DUPLICATE_METHOD_MATCH = YES;
				CODE_SIGN_IDENTITY = "iPhone Developer";
				COPY_PHASE_STRIP = NO;
				DEBUG_INFORMATION_FORMAT = dwarf;
				ENABLE_STRICT_OBJC_MSGSEND = YES;
				ENABLE_TESTABILITY = YES;
				GCC_C_LANGUAGE_STANDARD = gnu11;
				GCC_DYNAMIC_NO_PIC = NO;
				GCC_NO_COMMON_BLOCKS = YES;
				GCC_OPTIMIZATION_LEVEL = 0;
				GCC_PREPROCESSOR_DEFINITIONS = (
					"DEBUG=1",
					"$(inherited)",
				);
				GCC_WARN_64_TO_32_BIT_CONVERSION = YES;
				GCC_WARN_ABOUT_RETURN_TYPE = YES_ERROR;
				GCC_WARN_UNDECLARED_SELECTOR = YES;
				GCC_WARN_UNINITIALIZED_AUTOS = YES_AGGRESSIVE;
				GCC_WARN_UNUSED_FUNCTION = YES;
				GCC_WARN_UNUSED_VARIABLE = YES;
				IPHONEOS_DEPLOYMENT_TARGET = 11.2;
				MTL_ENABLE_DEBUG_INFO = YES;
				ONLY_ACTIVE_ARCH = YES;
				SDKROOT = iphoneos;
			};
			name = Debug;
		};
		7662EDE62015DCE60082AA57 /* Release */ = {
			isa = XCBuildConfiguration;
			buildSettings = {
				ALWAYS_SEARCH_USER_PATHS = NO;
				CLANG_ANALYZER_NONNULL = YES;
				CLANG_ANALYZER_NUMBER_OBJECT_CONVERSION = YES_AGGRESSIVE;
				CLANG_CXX_LANGUAGE_STANDARD = "gnu++14";
				CLANG_CXX_LIBRARY = "libc++";
				CLANG_ENABLE_MODULES = YES;
				CLANG_ENABLE_OBJC_ARC = YES;
				CLANG_WARN_BLOCK_CAPTURE_AUTORELEASING = YES;
				CLANG_WARN_BOOL_CONVERSION = YES;
				CLANG_WARN_COMMA = YES;
				CLANG_WARN_CONSTANT_CONVERSION = YES;
				CLANG_WARN_DIRECT_OBJC_ISA_USAGE = YES_ERROR;
				CLANG_WARN_DOCUMENTATION_COMMENTS = YES;
				CLANG_WARN_EMPTY_BODY = YES;
				CLANG_WARN_ENUM_CONVERSION = YES;
				CLANG_WARN_INFINITE_RECURSION = YES;
				CLANG_WARN_INT_CONVERSION = YES;
				CLANG_WARN_NON_LITERAL_NULL_CONVERSION = YES;
				CLANG_WARN_OBJC_LITERAL_CONVERSION = YES;
				CLANG_WARN_OBJC_ROOT_CLASS = YES_ERROR;
				CLANG_WARN_RANGE_LOOP_ANALYSIS = YES;
				CLANG_WARN_STRICT_PROTOTYPES = YES;
				CLANG_WARN_SUSPICIOUS_MOVE = YES;
				CLANG_WARN_UNGUARDED_AVAILABILITY = YES_AGGRESSIVE;
				CLANG_WARN_UNREACHABLE_CODE = YES;
				CLANG_WARN__DUPLICATE_METHOD_MATCH = YES;
				CODE_SIGN_IDENTITY = "iPhone Developer";
				COPY_PHASE_STRIP = NO;
				DEBUG_INFORMATION_FORMAT = "dwarf-with-dsym";
				ENABLE_NS_ASSERTIONS = NO;
				ENABLE_STRICT_OBJC_MSGSEND = YES;
				GCC_C_LANGUAGE_STANDARD = gnu11;
				GCC_NO_COMMON_BLOCKS = YES;
				GCC_WARN_64_TO_32_BIT_CONVERSION = YES;
				GCC_WARN_ABOUT_RETURN_TYPE = YES_ERROR;
				GCC_WARN_UNDECLARED_SELECTOR = YES;
				GCC_WARN_UNINITIALIZED_AUTOS = YES_AGGRESSIVE;
				GCC_WARN_UNUSED_FUNCTION = YES;
				GCC_WARN_UNUSED_VARIABLE = YES;
				IPHONEOS_DEPLOYMENT_TARGET = 11.2;
				MTL_ENABLE_DEBUG_INFO = NO;
				SDKROOT = iphoneos;
				VALIDATE_PRODUCT = YES;
			};
			name = Release;
		};
		7662EDE82015DCE60082AA57 /* Debug */ = {
			isa = XCBuildConfiguration;
			baseConfigurationReference = 96DB4BB461B4333C78ACEBB6 /* Pods-SpeedMath.debug.xcconfig */;
			buildSettings = {
				ASSETCATALOG_COMPILER_APPICON_NAME = AppIcon;
				CODE_SIGN_STYLE = Automatic;
				DEVELOPMENT_TEAM = 8KY65355LH;
				INFOPLIST_FILE = SpeedMath/Info.plist;
				LD_RUNPATH_SEARCH_PATHS = "$(inherited) @executable_path/Frameworks";
				PRODUCT_BUNDLE_IDENTIFIER = com.galiumsoft.SpeedMath;
				PRODUCT_NAME = "$(TARGET_NAME)";
				TARGETED_DEVICE_FAMILY = "1,2";
			};
			name = Debug;
		};
		7662EDE92015DCE60082AA57 /* Release */ = {
			isa = XCBuildConfiguration;
			baseConfigurationReference = 50AD10146C644A2537B28DA0 /* Pods-SpeedMath.release.xcconfig */;
			buildSettings = {
				ASSETCATALOG_COMPILER_APPICON_NAME = AppIcon;
				CODE_SIGN_STYLE = Automatic;
				DEVELOPMENT_TEAM = 8KY65355LH;
				INFOPLIST_FILE = SpeedMath/Info.plist;
				LD_RUNPATH_SEARCH_PATHS = "$(inherited) @executable_path/Frameworks";
				PRODUCT_BUNDLE_IDENTIFIER = com.galiumsoft.SpeedMath;
				PRODUCT_NAME = "$(TARGET_NAME)";
				TARGETED_DEVICE_FAMILY = "1,2";
			};
			name = Release;
		};
/* End XCBuildConfiguration section */

/* Begin XCConfigurationList section */
		7662EDCC2015DCE60082AA57 /* Build configuration list for PBXProject "SpeedMath" */ = {
			isa = XCConfigurationList;
			buildConfigurations = (
				7662EDE52015DCE60082AA57 /* Debug */,
				7662EDE62015DCE60082AA57 /* Release */,
			);
			defaultConfigurationIsVisible = 0;
			defaultConfigurationName = Release;
		};
		7662EDE72015DCE60082AA57 /* Build configuration list for PBXNativeTarget "SpeedMath" */ = {
			isa = XCConfigurationList;
			buildConfigurations = (
				7662EDE82015DCE60082AA57 /* Debug */,
				7662EDE92015DCE60082AA57 /* Release */,
			);
			defaultConfigurationIsVisible = 0;
			defaultConfigurationName = Release;
		};
/* End XCConfigurationList section */
	};
	rootObject = 7662EDC92015DCE60082AA57 /* Project object */;
}
